
Microsoft Visual Studio Solution File, Format Version 12.00
# Visual Studio Version 17
VisualStudioVersion = 17.4.33103.184
MinimumVisualStudioVersion = 10.0.40219.1
Project("{9092AA53-FB77-4645-B42D-1CCCA6BD08BD}") = "MinecraftBot", "MinecraftBot.njsproj", "{B6EA4960-EE42-4C9E-B5E5-15B1B167E6A3}"
EndProject
Global
	GlobalSection(SolutionConfigurationPlatforms) = preSolution
		Debug|Any CPU = Debug|Any CPU
		Release|Any CPU = Release|Any CPU
	EndGlobalSection
	GlobalSection(ProjectConfigurationPlatforms) = postSolution
		{B6EA4960-EE42-4C9E-B5E5-15B1B167E6A3}.Debug|Any CPU.ActiveCfg = Debug|Any CPU
		{B6EA4960-EE42-4C9E-B5E5-15B1B167E6A3}.Debug|Any CPU.Build.0 = Debug|Any CPU
		{B6EA4960-EE42-4C9E-B5E5-15B1B167E6A3}.Release|Any CPU.ActiveCfg = Release|Any CPU
		{B6EA4960-EE42-4C9E-B5E5-15B1B167E6A3}.Release|Any CPU.Build.0 = Release|Any CPU
	EndGlobalSection
	GlobalSection(SolutionProperties) = preSolution
		HideSolutionNode = FALSE
	EndGlobalSection
	GlobalSection(ExtensibilityGlobals) = postSolution
		SolutionGuid = {CF119F18-06E8-415D-BBD5-36A4D1F16326}
	EndGlobalSection
EndGlobal
